<?xml version="1.0" encoding="utf-8"?>
<Project ToolsVersion="4.0" xmlns="http://schemas.microsoft.com/developer/msbuild/2003">
  <ItemGroup>
    <Filter Include="Source Files">
      <UniqueIdentifier>{4FC737F1-C7A5-4376-A066-2A32D752A2FF}</UniqueIdentifier>
      <Extensions>cpp;c;cc;cxx;c++;cppm;ixx;def;odl;idl;hpj;bat;asm;asmx</Extensions>
    </Filter>
    <Filter Include="Libraries">
      <UniqueIdentifier>{43f9ec9b-a1f5-4635-8e35-cb951207c1e7}</UniqueIdentifier>
    </Filter>
    <Filter Include="Source Files\Math">
      <UniqueIdentifier>{0044c8bb-5c29-45bc-8502-d6e42df1396d}</UniqueIdentifier>
    </Filter>
    <Filter Include="Source Files\Objects">
      <UniqueIdentifier>{3ff89357-1174-4952-8990-fec61b379f95}</UniqueIdentifier>
    </Filter>
    <Filter Include="Source Files\Utilities">
      <UniqueIdentifier>{2689c86e-2725-436c-a099-2dc97912be6e}</UniqueIdentifier>
    </Filter>
    <Filter Include="Source Files\System">
      <UniqueIdentifier>{5ab9c96f-edbf-4613-a058-ed78ef9cfdae}</UniqueIdentifier>
    </Filter>
  </ItemGroup>
  <ItemGroup>
    <None Include="extlibs\lib\x64\sfml-audio-d.pdb">
      <Filter>Libraries</Filter>
    </None>
    <None Include="extlibs\lib\x64\sfml-audio-s-d.pdb">
      <Filter>Libraries</Filter>
    </None>
    <None Include="extlibs\lib\x64\sfml-graphics-d.pdb">
      <Filter>Libraries</Filter>
    </None>
    <None Include="extlibs\lib\x64\sfml-graphics-s-d.pdb">
      <Filter>Libraries</Filter>
    </None>
    <None Include="extlibs\lib\x64\sfml-main-s-d.pdb">
      <Filter>Libraries</Filter>
    </None>
    <None Include="extlibs\lib\x64\sfml-network-d.pdb">
      <Filter>Libraries</Filter>
    </None>
    <None Include="extlibs\lib\x64\sfml-network-s-d.pdb">
      <Filter>Libraries</Filter>
    </None>
    <None Include="extlibs\lib\x64\sfml-system-d.pdb">
      <Filter>Libraries</Filter>
    </None>
    <None Include="extlibs\lib\x64\sfml-system-s-d.pdb">
      <Filter>Libraries</Filter>
    </None>
    <None Include="extlibs\lib\x64\sfml-window-d.pdb">
      <Filter>Libraries</Filter>
    </None>
    <None Include="extlibs\lib\x64\sfml-window-s-d.pdb">
      <Filter>Libraries</Filter>
    </None>
    <None Include="extlibs\lib\x86\sfml-audio-d.pdb">
      <Filter>Libraries</Filter>
    </None>
    <None Include="extlibs\lib\x86\sfml-audio-s-d.pdb">
      <Filter>Libraries</Filter>
    </None>
    <None Include="extlibs\lib\x86\sfml-graphics-d.pdb">
      <Filter>Libraries</Filter>
    </None>
    <None Include="extlibs\lib\x86\sfml-graphics-s-d.pdb">
      <Filter>Libraries</Filter>
    </None>
    <None Include="extlibs\lib\x86\sfml-main-s-d.pdb">
      <Filter>Libraries</Filter>
    </None>
    <None Include="extlibs\lib\x86\sfml-network-d.pdb">
      <Filter>Libraries</Filter>
    </None>
    <None Include="extlibs\lib\x86\sfml-network-s-d.pdb">
      <Filter>Libraries</Filter>
    </None>
    <None Include="extlibs\lib\x86\sfml-system-d.pdb">
      <Filter>Libraries</Filter>
    </None>
    <None Include="extlibs\lib\x86\sfml-system-s-d.pdb">
      <Filter>Libraries</Filter>
    </None>
    <None Include="extlibs\lib\x86\sfml-window-d.pdb">
      <Filter>Libraries</Filter>
    </None>
    <None Include="extlibs\lib\x86\sfml-window-s-d.pdb">
      <Filter>Libraries</Filter>
    </None>
    <None Include=".clang-format" />
  </ItemGroup>
  <ItemGroup>
    <ClInclude Include="Source\Game.h">
      <Filter>Source Files</Filter>
    </ClInclude>
    <ClInclude Include="Source\Math\Math.h">
      <Filter>Source Files\Math</Filter>
    </ClInclude>
    <ClInclude Include="Source\Utilities\INIFile.h">
      <Filter>Source Files\Utilities</Filter>
    </ClInclude>
    <ClInclude Include="Source\Utilities\StringUtilities.h">
      <Filter>Source Files\Utilities</Filter>
    </ClInclude>
    <ClInclude Include="Source\System\GameLogger.h">
      <Filter>Source Files\System</Filter>
    </ClInclude>
    <ClInclude Include="Source\System\Logger.h">
      <Filter>Source Files\System</Filter>
    </ClInclude>
    <ClInclude Include="Source\Objects\Object.h">
      <Filter>Source Files\Objects</Filter>
    </ClInclude>
    <ClInclude Include="Source\System\GameState.h">
      <Filter>Source Files\System</Filter>
    </ClInclude>
    <ClInclude Include="Source\System\ConsoleColor.h" />
    <ClInclude Include="Source\States\SceneState.h" />
    <ClInclude Include="Source\System\FileSystem.h" />
    <ClInclude Include="Source\Utilities\DateTimeUtilities.h" />
    <ClInclude Include="Source\Utilities\VideoUtilities.h" />
  </ItemGroup>
  <ItemGroup>
    <ClCompile Include="Source\Game.cpp">
      <Filter>Source Files</Filter>
    </ClCompile>
    <ClCompile Include="Source\main.cpp">
      <Filter>Source Files</Filter>
    </ClCompile>
    <ClCompile Include="Source\Utilities\INIFile.cpp">
      <Filter>Source Files\Utilities</Filter>
    </ClCompile>
    <ClCompile Include="Source\Utilities\StringUtilities.cpp">
      <Filter>Source Files\Utilities</Filter>
    </ClCompile>
    <ClCompile Include="Source\Math\Math.cpp">
      <Filter>Source Files\Math</Filter>
    </ClCompile>
    <ClCompile Include="Source\System\GameLogger.cpp">
      <Filter>Source Files\System</Filter>
    </ClCompile>
    <ClCompile Include="Source\System\Logger.cpp">
      <Filter>Source Files\System</Filter>
    </ClCompile>
    <ClCompile Include="Source\Objects\Object.cpp">
      <Filter>Source Files\Objects</Filter>
    </ClCompile>
    <ClCompile Include="Source\System\GameState.cpp">
      <Filter>Source Files\System</Filter>
    </ClCompile>
    <ClCompile Include="Source\System\ConsoleColor.cpp">
      <Filter>Source Files</Filter>
    </ClCompile>
    <ClCompile Include="Source\States\SceneState.cpp">
      <Filter>Source Files</Filter>
    </ClCompile>
    <ClCompile Include="Source\System\FileSystem.cpp">
      <Filter>Source Files</Filter>
    </ClCompile>
    <ClCompile Include="Source\Utilities\DateTimeUtilities.cpp">
      <Filter>Source Files</Filter>
    </ClCompile>
    <ClCompile Include="Source\Utilities\VideoUtilities.cpp">
      <Filter>Source Files</Filter>
    </ClCompile>
  </ItemGroup>
</Project>